// !$*UTF8*$!
{
	archiveVersion = 1;
	classes = {
	};
	objectVersion = 46;
	objects = {

/* Begin PBXBuildFile section */
		EB0349DC1F87262100B3E3B6 /* AppDelegate.swift in Sources */ = {isa = PBXBuildFile; fileRef = EB0349DB1F87262100B3E3B6 /* AppDelegate.swift */; };
		EB0349DE1F87262100B3E3B6 /* ViewController.swift in Sources */ = {isa = PBXBuildFile; fileRef = EB0349DD1F87262100B3E3B6 /* ViewController.swift */; };
		EB0349E11F87262100B3E3B6 /* Main.storyboard in Resources */ = {isa = PBXBuildFile; fileRef = EB0349DF1F87262100B3E3B6 /* Main.storyboard */; };
		EB0349E31F87262100B3E3B6 /* Assets.xcassets in Resources */ = {isa = PBXBuildFile; fileRef = EB0349E21F87262100B3E3B6 /* Assets.xcassets */; };
		EB0349E61F87262100B3E3B6 /* LaunchScreen.storyboard in Resources */ = {isa = PBXBuildFile; fileRef = EB0349E41F87262100B3E3B6 /* LaunchScreen.storyboard */; };
		EB0349F11F87262100B3E3B6 /* GenericTests.swift in Sources */ = {isa = PBXBuildFile; fileRef = EB0349F01F87262100B3E3B6 /* GenericTests.swift */; };
		EB0349FC1F87262100B3E3B6 /* GenericUITests.swift in Sources */ = {isa = PBXBuildFile; fileRef = EB0349FB1F87262100B3E3B6 /* GenericUITests.swift */; };
/* End PBXBuildFile section */

/* Begin PBXContainerItemProxy section */
		EB0349ED1F87262100B3E3B6 /* PBXContainerItemProxy */ = {
			isa = PBXContainerItemProxy;
			containerPortal = EB0349D01F87262100B3E3B6 /* Project object */;
			proxyType = 1;
			remoteGlobalIDString = EB0349D71F87262100B3E3B6;
			remoteInfo = Generic;
		};
		EB0349F81F87262100B3E3B6 /* PBXContainerItemProxy */ = {
			isa = PBXContainerItemProxy;
			containerPortal = EB0349D01F87262100B3E3B6 /* Project object */;
			proxyType = 1;
			remoteGlobalIDString = EB0349D71F87262100B3E3B6;
			remoteInfo = Generic;
		};
/* End PBXContainerItemProxy section */

/* Begin PBXFileReference section */
		EB0349D81F87262100B3E3B6 /* Generic.app */ = {isa = PBXFileReference; explicitFileType = wrapper.application; includeInIndex = 0; path = Generic.app; sourceTree = BUILT_PRODUCTS_DIR; };
		EB0349DB1F87262100B3E3B6 /* AppDelegate.swift */ = {isa = PBXFileReference; lastKnownFileType = sourcecode.swift; path = AppDelegate.swift; sourceTree = "<group>"; };
		EB0349DD1F87262100B3E3B6 /* ViewController.swift */ = {isa = PBXFileReference; lastKnownFileType = sourcecode.swift; path = ViewController.swift; sourceTree = "<group>"; };
		EB0349E01F87262100B3E3B6 /* Base */ = {isa = PBXFileReference; lastKnownFileType = file.storyboard; name = Base; path = Base.lproj/Main.storyboard; sourceTree = "<group>"; };
		EB0349E21F87262100B3E3B6 /* Assets.xcassets */ = {isa = PBXFileReference; lastKnownFileType = folder.assetcatalog; path = Assets.xcassets; sourceTree = "<group>"; };
		EB0349E51F87262100B3E3B6 /* Base */ = {isa = PBXFileReference; lastKnownFileType = file.storyboard; name = Base; path = Base.lproj/LaunchScreen.storyboard; sourceTree = "<group>"; };
		EB0349E71F87262100B3E3B6 /* Info.plist */ = {isa = PBXFileReference; lastKnownFileType = text.plist.xml; path = Info.plist; sourceTree = "<group>"; };
		EB0349EC1F87262100B3E3B6 /* GenericTests.xctest */ = {isa = PBXFileReference; explicitFileType = wrapper.cfbundle; includeInIndex = 0; path = GenericTests.xctest; sourceTree = BUILT_PRODUCTS_DIR; };
		EB0349F01F87262100B3E3B6 /* GenericTests.swift */ = {isa = PBXFileReference; lastKnownFileType = sourcecode.swift; path = GenericTests.swift; sourceTree = "<group>"; };
		EB0349F21F87262100B3E3B6 /* Info.plist */ = {isa = PBXFileReference; lastKnownFileType = text.plist.xml; path = Info.plist; sourceTree = "<group>"; };
		EB0349F71F87262100B3E3B6 /* GenericUITests.xctest */ = {isa = PBXFileReference; explicitFileType = wrapper.cfbundle; includeInIndex = 0; path = GenericUITests.xctest; sourceTree = BUILT_PRODUCTS_DIR; };
		EB0349FB1F87262100B3E3B6 /* GenericUITests.swift */ = {isa = PBXFileReference; lastKnownFileType = sourcecode.swift; path = GenericUITests.swift; sourceTree = "<group>"; };
		EB0349FD1F87262200B3E3B6 /* Info.plist */ = {isa = PBXFileReference; lastKnownFileType = text.plist.xml; path = Info.plist; sourceTree = "<group>"; };
		EB034A091F87264200B3E3B6 /* FirstSolution.playground */ = {isa = PBXFileReference; lastKnownFileType = file.playground; path = FirstSolution.playground; sourceTree = "<group>"; };
		EB034A121F8728C900B3E3B6 /* SecondSolution.playground */ = {isa = PBXFileReference; lastKnownFileType = file.playground; path = SecondSolution.playground; sourceTree = "<group>"; };
		EB034A131F8729A400B3E3B6 /* ThirdSolution.playground */ = {isa = PBXFileReference; lastKnownFileType = file.playground; path = ThirdSolution.playground; sourceTree = "<group>"; };
/* End PBXFileReference section */

/* Begin PBXFrameworksBuildPhase section */
		EB0349D51F87262100B3E3B6 /* Frameworks */ = {
			isa = PBXFrameworksBuildPhase;
			buildActionMask = 2147483647;
			files = (
			);
			runOnlyForDeploymentPostprocessing = 0;
		};
		EB0349E91F87262100B3E3B6 /* Frameworks */ = {
			isa = PBXFrameworksBuildPhase;
			buildActionMask = 2147483647;
			files = (
			);
			runOnlyForDeploymentPostprocessing = 0;
		};
		EB0349F41F87262100B3E3B6 /* Frameworks */ = {
			isa = PBXFrameworksBuildPhase;
			buildActionMask = 2147483647;
			files = (
			);
			runOnlyForDeploymentPostprocessing = 0;
		};
/* End PBXFrameworksBuildPhase section */

/* Begin PBXGroup section */
		EB0349CF1F87262100B3E3B6 = {
			isa = PBXGroup;
			children = (
				EB0349DA1F87262100B3E3B6 /* Generic */,
				EB0349EF1F87262100B3E3B6 /* GenericTests */,
				EB0349FA1F87262100B3E3B6 /* GenericUITests */,
				EB0349D91F87262100B3E3B6 /* Products */,
			);
			sourceTree = "<group>";
		};
		EB0349D91F87262100B3E3B6 /* Products */ = {
			isa = PBXGroup;
			children = (
				EB0349D81F87262100B3E3B6 /* Generic.app */,
				EB0349EC1F87262100B3E3B6 /* GenericTests.xctest */,
				EB0349F71F87262100B3E3B6 /* GenericUITests.xctest */,
			);
			name = Products;
			sourceTree = "<group>";
		};
		EB0349DA1F87262100B3E3B6 /* Generic */ = {
			isa = PBXGroup;
			children = (
				EB0349DB1F87262100B3E3B6 /* AppDelegate.swift */,
				EB0349DD1F87262100B3E3B6 /* ViewController.swift */,
				EB0349DF1F87262100B3E3B6 /* Main.storyboard */,
				EB0349E21F87262100B3E3B6 /* Assets.xcassets */,
				EB0349E41F87262100B3E3B6 /* LaunchScreen.storyboard */,
				EB0349E71F87262100B3E3B6 /* Info.plist */,
				EB034A091F87264200B3E3B6 /* FirstSolution.playground */,
				EB034A121F8728C900B3E3B6 /* SecondSolution.playground */,
				EB034A131F8729A400B3E3B6 /* ThirdSolution.playground */,
			);
			path = Generic;
			sourceTree = "<group>";
		};
		EB0349EF1F87262100B3E3B6 /* GenericTests */ = {
			isa = PBXGroup;
			children = (
				EB0349F01F87262100B3E3B6 /* GenericTests.swift */,
				EB0349F21F87262100B3E3B6 /* Info.plist */,
			);
			path = GenericTests;
			sourceTree = "<group>";
		};
		EB0349FA1F87262100B3E3B6 /* GenericUITests */ = {
			isa = PBXGroup;
			children = (
				EB0349FB1F87262100B3E3B6 /* GenericUITests.swift */,
				EB0349FD1F87262200B3E3B6 /* Info.plist */,
			);
			path = GenericUITests;
			sourceTree = "<group>";
		};
/* End PBXGroup section */

/* Begin PBXNativeTarget section */
		EB0349D71F87262100B3E3B6 /* Generic */ = {
			isa = PBXNativeTarget;
			buildConfigurationList = EB034A001F87262200B3E3B6 /* Build configuration list for PBXNativeTarget "Generic" */;
			buildPhases = (
				EB0349D41F87262100B3E3B6 /* Sources */,
				EB0349D51F87262100B3E3B6 /* Frameworks */,
				EB0349D61F87262100B3E3B6 /* Resources */,
			);
			buildRules = (
			);
			dependencies = (
			);
			name = Generic;
			productName = Generic;
			productReference = EB0349D81F87262100B3E3B6 /* Generic.app */;
			productType = "com.apple.product-type.application";
		};
		EB0349EB1F87262100B3E3B6 /* GenericTests */ = {
			isa = PBXNativeTarget;
			buildConfigurationList = EB034A031F87262200B3E3B6 /* Build configuration list for PBXNativeTarget "GenericTests" */;
			buildPhases = (
				EB0349E81F87262100B3E3B6 /* Sources */,
				EB0349E91F87262100B3E3B6 /* Frameworks */,
				EB0349EA1F87262100B3E3B6 /* Resources */,
			);
			buildRules = (
			);
			dependencies = (
				EB0349EE1F87262100B3E3B6 /* PBXTargetDependency */,
			);
			name = GenericTests;
			productName = GenericTests;
			productReference = EB0349EC1F87262100B3E3B6 /* GenericTests.xctest */;
			productType = "com.apple.product-type.bundle.unit-test";
		};
		EB0349F61F87262100B3E3B6 /* GenericUITests */ = {
			isa = PBXNativeTarget;
			buildConfigurationList = EB034A061F87262200B3E3B6 /* Build configuration list for PBXNativeTarget "GenericUITests" */;
			buildPhases = (
				EB0349F31F87262100B3E3B6 /* Sources */,
				EB0349F41F87262100B3E3B6 /* Frameworks */,
				EB0349F51F87262100B3E3B6 /* Resources */,
			);
			buildRules = (
			);
			dependencies = (
				EB0349F91F87262100B3E3B6 /* PBXTargetDependency */,
			);
			name = GenericUITests;
			productName = GenericUITests;
			productReference = EB0349F71F87262100B3E3B6 /* GenericUITests.xctest */;
			productType = "com.apple.product-type.bundle.ui-testing";
		};
/* End PBXNativeTarget section */

/* Begin PBXProject section */
		EB0349D01F87262100B3E3B6 /* Project object */ = {
			isa = PBXProject;
			attributes = {
				LastSwiftUpdateCheck = 0830;
				LastUpgradeCheck = 0830;
				ORGANIZATIONNAME = TriNgo;
				TargetAttributes = {
					EB0349D71F87262100B3E3B6 = {
						CreatedOnToolsVersion = 8.3.3;
						ProvisioningStyle = Automatic;
					};
					EB0349EB1F87262100B3E3B6 = {
						CreatedOnToolsVersion = 8.3.3;
						ProvisioningStyle = Automatic;
						TestTargetID = EB0349D71F87262100B3E3B6;
					};
					EB0349F61F87262100B3E3B6 = {
						CreatedOnToolsVersion = 8.3.3;
						ProvisioningStyle = Automatic;
						TestTargetID = EB0349D71F87262100B3E3B6;
					};
				};
			};
			buildConfigurationList = EB0349D31F87262100B3E3B6 /* Build configuration list for PBXProject "Generic" */;
			compatibilityVersion = "Xcode 3.2";
			developmentRegion = English;
			hasScannedForEncodings = 0;
			knownRegions = (
				en,
				Base,
			);
			mainGroup = EB0349CF1F87262100B3E3B6;
			productRefGroup = EB0349D91F87262100B3E3B6 /* Products */;
			projectDirPath = "";
			projectRoot = "";
			targets = (
				EB0349D71F87262100B3E3B6 /* Generic */,
				EB0349EB1F87262100B3E3B6 /* GenericTests */,
				EB0349F61F87262100B3E3B6 /* GenericUITests */,
			);
		};
/* End PBXProject section */

/* Begin PBXResourcesBuildPhase section */
		EB0349D61F87262100B3E3B6 /* Resources */ = {
			isa = PBXResourcesBuildPhase;
			buildActionMask = 2147483647;
			files = (
				EB0349E61F87262100B3E3B6 /* LaunchScreen.storyboard in Resources */,
				EB0349E31F87262100B3E3B6 /* Assets.xcassets in Resources */,
				EB0349E11F87262100B3E3B6 /* Main.storyboard in Resources */,
			);
			runOnlyForDeploymentPostprocessing = 0;
		};
		EB0349EA1F87262100B3E3B6 /* Resources */ = {
			isa = PBXResourcesBuildPhase;
			buildActionMask = 2147483647;
			files = (
			);
			runOnlyForDeploymentPostprocessing = 0;
		};
		EB0349F51F87262100B3E3B6 /* Resources */ = {
			isa = PBXResourcesBuildPhase;
			buildActionMask = 2147483647;
			files = (
			);
			runOnlyForDeploymentPostprocessing = 0;
		};
/* End PBXResourcesBuildPhase section */

/* Begin PBXSourcesBuildPhase section */
		EB0349D41F87262100B3E3B6 /* Sources */ = {
			isa = PBXSourcesBuildPhase;
			buildActionMask = 2147483647;
			files = (
				EB0349DE1F87262100B3E3B6 /* ViewController.swift in Sources */,
				EB0349DC1F87262100B3E3B6 /* AppDelegate.swift in Sources */,
			);
			runOnlyForDeploymentPostprocessing = 0;
		};
		EB0349E81F87262100B3E3B6 /* Sources */ = {
			isa = PBXSourcesBuildPhase;
			buildActionMask = 2147483647;
			files = (
				EB0349F11F87262100B3E3B6 /* GenericTests.swift in Sources */,
			);
			runOnlyForDeploymentPostprocessing = 0;
		};
		EB0349F31F87262100B3E3B6 /* Sources */ = {
			isa = PBXSourcesBuildPhase;
			buildActionMask = 2147483647;
			files = (
				EB0349FC1F87262100B3E3B6 /* GenericUITests.swift in Sources */,
			);
			runOnlyForDeploymentPostprocessing = 0;
		};
/* End PBXSourcesBuildPhase section */

/* Begin PBXTargetDependency section */
		EB0349EE1F87262100B3E3B6 /* PBXTargetDependency */ = {
			isa = PBXTargetDependency;
			target = EB0349D71F87262100B3E3B6 /* Generic */;
			targetProxy = EB0349ED1F87262100B3E3B6 /* PBXContainerItemProxy */;
		};
		EB0349F91F87262100B3E3B6 /* PBXTargetDependency */ = {
			isa = PBXTargetDependency;
			target = EB0349D71F87262100B3E3B6 /* Generic */;
			targetProxy = EB0349F81F87262100B3E3B6 /* PBXContainerItemProxy */;
		};
/* End PBXTargetDependency section */

/* Begin PBXVariantGroup section */
		EB0349DF1F87262100B3E3B6 /* Main.storyboard */ = {
			isa = PBXVariantGroup;
			children = (
				EB0349E01F87262100B3E3B6 /* Base */,
			);
			name = Main.storyboard;
			sourceTree = "<group>";
		};
		EB0349E41F87262100B3E3B6 /* LaunchScreen.storyboard */ = {
			isa = PBXVariantGroup;
			children = (
				EB0349E51F87262100B3E3B6 /* Base */,
			);
			name = LaunchScreen.storyboard;
			sourceTree = "<group>";
		};
/* End PBXVariantGroup section */

/* Begin XCBuildConfiguration section */
		EB0349FE1F87262200B3E3B6 /* Debug */ = {
			isa = XCBuildConfiguration;
			buildSettings = {
				ALWAYS_SEARCH_USER_PATHS = NO;
				CLANG_ANALYZER_NONNULL = YES;
				CLANG_ANALYZER_NUMBER_OBJECT_CONVERSION = YES_AGGRESSIVE;
				CLANG_CXX_LANGUAGE_STANDARD = "gnu++0x";
				CLANG_CXX_LIBRARY = "libc++";
				CLANG_ENABLE_MODULES = YES;
				CLANG_ENABLE_OBJC_ARC = YES;
				CLANG_WARN_BOOL_CONVERSION = YES;
				CLANG_WARN_CONSTANT_CONVERSION = YES;
				CLANG_WARN_DIRECT_OBJC_ISA_USAGE = YES_ERROR;
				CLANG_WARN_DOCUMENTATION_COMMENTS = YES;
				CLANG_WARN_EMPTY_BODY = YES;
				CLANG_WARN_ENUM_CONVERSION = YES;
				CLANG_WARN_INFINITE_RECURSION = YES;
				CLANG_WARN_INT_CONVERSION = YES;
				CLANG_WARN_OBJC_ROOT_CLASS = YES_ERROR;
				CLANG_WARN_SUSPICIOUS_MOVE = YES;
				CLANG_WARN_UNREACHABLE_CODE = YES;
				CLANG_WARN__DUPLICATE_METHOD_MATCH = YES;
				"CODE_SIGN_IDENTITY[sdk=iphoneos*]" = "iPhone Developer";
				COPY_PHASE_STRIP = NO;
				DEBUG_INFORMATION_FORMAT = dwarf;
				ENABLE_STRICT_OBJC_MSGSEND = YES;
				ENABLE_TESTABILITY = YES;
				GCC_C_LANGUAGE_STANDARD = gnu99;
				GCC_DYNAMIC_NO_PIC = NO;
				GCC_NO_COMMON_BLOCKS = YES;
				GCC_OPTIMIZATION_LEVEL = 0;
				GCC_PREPROCESSOR_DEFINITIONS = (
					"DEBUG=1",
					"$(inherited)",
				);
				GCC_WARN_64_TO_32_BIT_CONVERSION = YES;
				GCC_WARN_ABOUT_RETURN_TYPE = YES_ERROR;
				GCC_WARN_UNDECLARED_SELECTOR = YES;
				GCC_WARN_UNINITIALIZED_AUTOS = YES_AGGRESSIVE;
				GCC_WARN_UNUSED_FUNCTION = YES;
				GCC_WARN_UNUSED_VARIABLE = YES;
				IPHONEOS_DEPLOYMENT_TARGET = 10.3;
				MTL_ENABLE_DEBUG_INFO = YES;
				ONLY_ACTIVE_ARCH = YES;
				SDKROOT = iphoneos;
				SWIFT_ACTIVE_COMPILATION_CONDITIONS = DEBUG;
				SWIFT_OPTIMIZATION_LEVEL = "-Onone";
			};
			name = Debug;
		};
		EB0349FF1F87262200B3E3B6 /* Release */ = {
			isa = XCBuildConfiguration;
			buildSettings = {
				ALWAYS_SEARCH_USER_PATHS = NO;
				CLANG_ANALYZER_NONNULL = YES;
				CLANG_ANALYZER_NUMBER_OBJECT_CONVERSION = YES_AGGRESSIVE;
				CLANG_CXX_LANGUAGE_STANDARD = "gnu++0x";
				CLANG_CXX_LIBRARY = "libc++";
				CLANG_ENABLE_MODULES = YES;
				CLANG_ENABLE_OBJC_ARC = YES;
				CLANG_WARN_BOOL_CONVERSION = YES;
				CLANG_WARN_CONSTANT_CONVERSION = YES;
				CLANG_WARN_DIRECT_OBJC_ISA_USAGE = YES_ERROR;
				CLANG_WARN_DOCUMENTATION_COMMENTS = YES;
				CLANG_WARN_EMPTY_BODY = YES;
				CLANG_WARN_ENUM_CONVERSION = YES;
				CLANG_WARN_INFINITE_RECURSION = YES;
				CLANG_WARN_INT_CONVERSION = YES;
				CLANG_WARN_OBJC_ROOT_CLASS = YES_ERROR;
				CLANG_WARN_SUSPICIOUS_MOVE = YES;
				CLANG_WARN_UNREACHABLE_CODE = YES;
				CLANG_WARN__DUPLICATE_METHOD_MATCH = YES;
				"CODE_SIGN_IDENTITY[sdk=iphoneos*]" = "iPhone Developer";
				COPY_PHASE_STRIP = NO;
				DEBUG_INFORMATION_FORMAT = "dwarf-with-dsym";
				ENABLE_NS_ASSERTIONS = NO;
				ENABLE_STRICT_OBJC_MSGSEND = YES;
				GCC_C_LANGUAGE_STANDARD = gnu99;
				GCC_NO_COMMON_BLOCKS = YES;
				GCC_WARN_64_TO_32_BIT_CONVERSION = YES;
				GCC_WARN_ABOUT_RETURN_TYPE = YES_ERROR;
				GCC_WARN_UNDECLARED_SELECTOR = YES;
				GCC_WARN_UNINITIALIZED_AUTOS = YES_AGGRESSIVE;
				GCC_WARN_UNUSED_FUNCTION = YES;
				GCC_WARN_UNUSED_VARIABLE = YES;
				IPHONEOS_DEPLOYMENT_TARGET = 10.3;
				MTL_ENABLE_DEBUG_INFO = NO;
				SDKROOT = iphoneos;
				SWIFT_OPTIMIZATION_LEVEL = "-Owholemodule";
				VALIDATE_PRODUCT = YES;
			};
			name = Release;
		};
		EB034A011F87262200B3E3B6 /* Debug */ = {
			isa = XCBuildConfiguration;
			buildSettings = {
				ASSETCATALOG_COMPILER_APPICON_NAME = AppIcon;
				INFOPLIST_FILE = Generic/Info.plist;
				LD_RUNPATH_SEARCH_PATHS = "$(inherited) @executable_path/Frameworks";
				PRODUCT_BUNDLE_IDENTIFIER = com.tringo.generic.Generic;
				PRODUCT_NAME = "$(TARGET_NAME)";
				SWIFT_VERSION = 3.0;
			};
			name = Debug;
		};
		EB034A021F87262200B3E3B6 /* Release */ = {
			isa = XCBuildConfiguration;
			buildSettings = {
				ASSETCATALOG_COMPILER_APPICON_NAME = AppIcon;
				INFOPLIST_FILE = Generic/Info.plist;
				LD_RUNPATH_SEARCH_PATHS = "$(inherited) @executable_path/Frameworks";
				PRODUCT_BUNDLE_IDENTIFIER = com.tringo.generic.Generic;
				PRODUCT_NAME = "$(TARGET_NAME)";
				SWIFT_VERSION = 3.0;
			};
			name = Release;
		};
		EB034A041F87262200B3E3B6 /* Debug */ = {
			isa = XCBuildConfiguration;
			buildSettings = {
				ALWAYS_EMBED_SWIFT_STANDARD_LIBRARIES = YES;
				BUNDLE_LOADER = "$(TEST_HOST)";
				INFOPLIST_FILE = GenericTests/Info.plist;
				LD_RUNPATH_SEARCH_PATHS = "$(inherited) @executable_path/Frameworks @loader_path/Frameworks";
				PRODUCT_BUNDLE_IDENTIFIER = com.tringo.generic.GenericTests;
				PRODUCT_NAME = "$(TARGET_NAME)";
				SWIFT_VERSION = 3.0;
				TEST_HOST = "$(BUILT_PRODUCTS_DIR)/Generic.app/Generic";
			};
			name = Debug;
		};
		EB034A051F87262200B3E3B6 /* Release */ = {
			isa = XCBuildConfiguration;
			buildSettings = {
				ALWAYS_EMBED_SWIFT_STANDARD_LIBRARIES = YES;
				BUNDLE_LOADER = "$(TEST_HOST)";
				INFOPLIST_FILE = GenericTests/Info.plist;
				LD_RUNPATH_SEARCH_PATHS = "$(inherited) @executable_path/Frameworks @loader_path/Frameworks";
				PRODUCT_BUNDLE_IDENTIFIER = com.tringo.generic.GenericTests;
				PRODUCT_NAME = "$(TARGET_NAME)";
				SWIFT_VERSION = 3.0;
				TEST_HOST = "$(BUILT_PRODUCTS_DIR)/Generic.app/Generic";
			};
			name = Release;
		};
		EB034A071F87262200B3E3B6 /* Debug */ = {
			isa = XCBuildConfiguration;
			buildSettings = {
				ALWAYS_EMBED_SWIFT_STANDARD_LIBRARIES = YES;
				INFOPLIST_FILE = GenericUITests/Info.plist;
				LD_RUNPATH_SEARCH_PATHS = "$(inherited) @executable_path/Frameworks @loader_path/Frameworks";
				PRODUCT_BUNDLE_IDENTIFIER = com.tringo.generic.GenericUITests;
				PRODUCT_NAME = "$(TARGET_NAME)";
				SWIFT_VERSION = 3.0;
				TEST_TARGET_NAME = Generic;
			};
			name = Debug;
		};
		EB034A081F87262200B3E3B6 /* Release */ = {
			isa = XCBuildConfiguration;
			buildSettings = {
				ALWAYS_EMBED_SWIFT_STANDARD_LIBRARIES = YES;
				INFOPLIST_FILE = GenericUITests/Info.plist;
				LD_RUNPATH_SEARCH_PATHS = "$(inherited) @executable_path/Frameworks @loader_path/Frameworks";
				PRODUCT_BUNDLE_IDENTIFIER = com.tringo.generic.GenericUITests;
				PRODUCT_NAME = "$(TARGET_NAME)";
				SWIFT_VERSION = 3.0;
				TEST_TARGET_NAME = Generic;
			};
			name = Release;
		};
/* End XCBuildConfiguration section */

/* Begin XCConfigurationList section */
		EB0349D31F87262100B3E3B6 /* Build configuration list for PBXProject "Generic" */ = {
			isa = XCConfigurationList;
			buildConfigurations = (
				EB0349FE1F87262200B3E3B6 /* Debug */,
				EB0349FF1F87262200B3E3B6 /* Release */,
			);
			defaultConfigurationIsVisible = 0;
			defaultConfigurationName = Release;
		};
		EB034A001F87262200B3E3B6 /* Build configuration list for PBXNativeTarget "Generic" */ = {
			isa = XCConfigurationList;
			buildConfigurations = (
				EB034A011F87262200B3E3B6 /* Debug */,
				EB034A021F87262200B3E3B6 /* Release */,
			);
			defaultConfigurationIsVisible = 0;
			defaultConfigurationName = Release;
		};
		EB034A031F87262200B3E3B6 /* Build configuration list for PBXNativeTarget "GenericTests" */ = {
			isa = XCConfigurationList;
			buildConfigurations = (
				EB034A041F87262200B3E3B6 /* Debug */,
				EB034A051F87262200B3E3B6 /* Release */,
			);
			defaultConfigurationIsVisible = 0;
			defaultConfigurationName = Release;
		};
		EB034A061F87262200B3E3B6 /* Build configuration list for PBXNativeTarget "GenericUITests" */ = {
			isa = XCConfigurationList;
			buildConfigurations = (
				EB034A071F87262200B3E3B6 /* Debug */,
				EB034A081F87262200B3E3B6 /* Release */,
			);
			defaultConfigurationIsVisible = 0;
			defaultConfigurationName = Release;
		};
/* End XCConfigurationList section */
	};
	rootObject = EB0349D01F87262100B3E3B6 /* Project object */;
}
